{
  "name": "conversion",
  "version": "1.0.0",
  "lockfileVersion": 2,
  "requires": true,
  "packages": {
    "": {
      "version": "1.0.0",
      "license": "ISC",
      "dependencies": {
        "@types/lz-string": "^1.3.34",
        "lz-string": "^1.4.4",
        "transform-coordinates": "^1.0.0"
      }
    },
    "node_modules/@types/lz-string": {
      "version": "1.3.34",
      "resolved": "https://registry.npmjs.org/@types/lz-string/-/lz-string-1.3.34.tgz",
      "integrity": "sha512-j6G1e8DULJx3ONf6NdR5JiR2ZY3K3PaaqiEuKYkLQO0Czfi1AzrtjfnfCROyWGeDd5IVMKCwsgSmMip9OWijow=="
    },
    "node_modules/epsg-index": {
      "version": "1.0.0",
      "resolved": "https://registry.npmjs.org/epsg-index/-/epsg-index-1.0.0.tgz",
      "integrity": "sha512-7EcEC97QaNzSKakpc6HgVdxBc7G1vEuNRIygjVXBvrLA+t8+4QlK6jisf0g552eSzBIAkx0IRmd/CWJKLc/W5A==",
      "engines": {
        "node": ">=8"
      }
    },
    "node_modules/lz-string": {
      "version": "1.4.4",
      "resolved": "https://registry.npmjs.org/lz-string/-/lz-string-1.4.4.tgz",
      "integrity": "sha1-wNjq82BZ9wV5bh40SBHPTEmNOiY=",
      "bin": {
        "lz-string": "bin/bin.js"
      }
    },
    "node_modules/mgrs": {
      "version": "1.0.0",
      "resolved": "https://registry.npmjs.org/mgrs/-/mgrs-1.0.0.tgz",
      "integrity": "sha1-+5FYjnjJACVnI5XLQLJffNatGCk="
    },
    "node_modules/proj4": {
      "version": "2.7.0",
      "resolved": "https://registry.npmjs.org/proj4/-/proj4-2.7.0.tgz",
      "integrity": "sha512-UVhulf8m70/dREOBrJagWq8cDYUgjQUWILRqys/gqo/+ZLeNB/04zbtPhJbz8+cCPzZNQMychfBaWUCP60U9mQ==",
      "dependencies": {
        "mgrs": "1.0.0",
        "wkt-parser": "^1.2.4"
      }
    },
    "node_modules/transform-coordinates": {
      "version": "1.0.0",
      "resolved": "https://registry.npmjs.org/transform-coordinates/-/transform-coordinates-1.0.0.tgz",
      "integrity": "sha512-6kZMpg+TBThUO7lbt9lWbM/DiRED+lczpjjRN3R7CB0xTEfVYqx3X9pBZx0gpihdmiUZNghArYKBiZNG4XDFYA==",
      "dependencies": {
        "epsg-index": "^1.0.0",
        "proj4": "^2.4.4"
      },
      "engines": {
        "node": ">=12"
      }
    },
    "node_modules/wkt-parser": {
      "version": "1.2.4",
      "resolved": "https://registry.npmjs.org/wkt-parser/-/wkt-parser-1.2.4.tgz",
      "integrity": "sha512-ZzKnc7ml/91fOPh5bANBL4vUlWPIYYv11waCtWTkl2TRN+LEmBg60Q1MA8gqV4hEp4MGfSj9JiHz91zw/gTDXg=="
    }
  },
  "dependencies": {
    "@types/lz-string": {
      "version": "1.3.34",
      "resolved": "https://registry.npmjs.org/@types/lz-string/-/lz-string-1.3.34.tgz",
      "integrity": "sha512-j6G1e8DULJx3ONf6NdR5JiR2ZY3K3PaaqiEuKYkLQO0Czfi1AzrtjfnfCROyWGeDd5IVMKCwsgSmMip9OWijow=="
    },
    "epsg-index": {
      "version": "1.0.0",
      "resolved": "https://registry.npmjs.org/epsg-index/-/epsg-index-1.0.0.tgz",
      "integrity": "sha512-7EcEC97QaNzSKakpc6HgVdxBc7G1vEuNRIygjVXBvrLA+t8+4QlK6jisf0g552eSzBIAkx0IRmd/CWJKLc/W5A=="
    },
    "lz-string": {
      "version": "1.4.4",
      "resolved": "https://registry.npmjs.org/lz-string/-/lz-string-1.4.4.tgz",
      "integrity": "sha1-wNjq82BZ9wV5bh40SBHPTEmNOiY="
    },
    "mgrs": {
      "version": "1.0.0",
      "resolved": "https://registry.npmjs.org/mgrs/-/mgrs-1.0.0.tgz",
      "integrity": "sha1-+5FYjnjJACVnI5XLQLJffNatGCk="
    },
    "proj4": {
      "version": "2.7.0",
      "resolved": "https://registry.npmjs.org/proj4/-/proj4-2.7.0.tgz",
      "integrity": "sha512-UVhulf8m70/dREOBrJagWq8cDYUgjQUWILRqys/gqo/+ZLeNB/04zbtPhJbz8+cCPzZNQMychfBaWUCP60U9mQ==",
      "requires": {
        "mgrs": "1.0.0",
        "wkt-parser": "^1.2.4"
      }
    },
    "transform-coordinates": {
      "version": "1.0.0",
      "resolved": "https://registry.npmjs.org/transform-coordinates/-/transform-coordinates-1.0.0.tgz",
      "integrity": "sha512-6kZMpg+TBThUO7lbt9lWbM/DiRED+lczpjjRN3R7CB0xTEfVYqx3X9pBZx0gpihdmiUZNghArYKBiZNG4XDFYA==",
      "requires": {
        "epsg-index": "^1.0.0",
        "proj4": "^2.4.4"
      }
    },
    "wkt-parser": {
      "version": "1.2.4",
      "resolved": "https://registry.npmjs.org/wkt-parser/-/wkt-parser-1.2.4.tgz",
      "integrity": "sha512-ZzKnc7ml/91fOPh5bANBL4vUlWPIYYv11waCtWTkl2TRN+LEmBg60Q1MA8gqV4hEp4MGfSj9JiHz91zw/gTDXg=="
    }
  }
}
